
Microsoft Visual Studio Solution File, Format Version 12.00
# Visual Studio Version 16
VisualStudioVersion = 16.0.28803.352
MinimumVisualStudioVersion = 10.0.40219.1
Project("{6EC3EE1D-3C4E-46DD-8F32-0CC8E7565705}") = "LongestCommonSubsequence", "LongestCommonSubsequence\LongestCommonSubsequence.fsproj", "{6304FC5C-167F-481C-958E-08BA14DBFCFF}"
EndProject
Project("{6EC3EE1D-3C4E-46DD-8F32-0CC8E7565705}") = "TailRecursion", "TailRecursion\TailRecursion.fsproj", "{8975F3DF-DC41-4486-935F-8D7A96191C27}"
EndProject
Project("{9A19103F-16F7-4668-BE54-9A1E7A4F7556}") = "AvengersSimulatorHeuristic", "AvengersSimulatorHeuristic\AvengersSimulatorHeuristic.csproj", "{81098D26-B43E-41D3-B3B2-79BA0584E88F}"
EndProject
Project("{F2A71F9B-5D33-465A-A702-920D77279786}") = "BigO.FSharp", "BigO.FSharp\BigO.FSharp.fsproj", "{E6DE8D9F-3096-46A1-8DEE-526E8F32E60C}"
EndProject
Project("{FAE04EC0-301F-11D3-BF4B-00C04F79EFBC}") = "BigO.CSharp", "BigO.CSharp\BigO.CSharp.csproj", "{D4000548-C320-40AC-A93A-88EFE491C53A}"
EndProject
Global
	GlobalSection(SolutionConfigurationPlatforms) = preSolution
		Debug|Any CPU = Debug|Any CPU
		Release|Any CPU = Release|Any CPU
	EndGlobalSection
	GlobalSection(ProjectConfigurationPlatforms) = postSolution
		{6304FC5C-167F-481C-958E-08BA14DBFCFF}.Debug|Any CPU.ActiveCfg = Debug|Any CPU
		{6304FC5C-167F-481C-958E-08BA14DBFCFF}.Debug|Any CPU.Build.0 = Debug|Any CPU
		{6304FC5C-167F-481C-958E-08BA14DBFCFF}.Release|Any CPU.ActiveCfg = Release|Any CPU
		{6304FC5C-167F-481C-958E-08BA14DBFCFF}.Release|Any CPU.Build.0 = Release|Any CPU
		{8975F3DF-DC41-4486-935F-8D7A96191C27}.Debug|Any CPU.ActiveCfg = Debug|Any CPU
		{8975F3DF-DC41-4486-935F-8D7A96191C27}.Debug|Any CPU.Build.0 = Debug|Any CPU
		{8975F3DF-DC41-4486-935F-8D7A96191C27}.Release|Any CPU.ActiveCfg = Release|Any CPU
		{8975F3DF-DC41-4486-935F-8D7A96191C27}.Release|Any CPU.Build.0 = Release|Any CPU
		{81098D26-B43E-41D3-B3B2-79BA0584E88F}.Debug|Any CPU.ActiveCfg = Debug|Any CPU
		{81098D26-B43E-41D3-B3B2-79BA0584E88F}.Debug|Any CPU.Build.0 = Debug|Any CPU
		{81098D26-B43E-41D3-B3B2-79BA0584E88F}.Release|Any CPU.ActiveCfg = Release|Any CPU
		{81098D26-B43E-41D3-B3B2-79BA0584E88F}.Release|Any CPU.Build.0 = Release|Any CPU
		{E6DE8D9F-3096-46A1-8DEE-526E8F32E60C}.Debug|Any CPU.ActiveCfg = Debug|Any CPU
		{E6DE8D9F-3096-46A1-8DEE-526E8F32E60C}.Debug|Any CPU.Build.0 = Debug|Any CPU
		{E6DE8D9F-3096-46A1-8DEE-526E8F32E60C}.Release|Any CPU.ActiveCfg = Release|Any CPU
		{E6DE8D9F-3096-46A1-8DEE-526E8F32E60C}.Release|Any CPU.Build.0 = Release|Any CPU
		{D4000548-C320-40AC-A93A-88EFE491C53A}.Debug|Any CPU.ActiveCfg = Debug|Any CPU
		{D4000548-C320-40AC-A93A-88EFE491C53A}.Debug|Any CPU.Build.0 = Debug|Any CPU
		{D4000548-C320-40AC-A93A-88EFE491C53A}.Release|Any CPU.ActiveCfg = Release|Any CPU
		{D4000548-C320-40AC-A93A-88EFE491C53A}.Release|Any CPU.Build.0 = Release|Any CPU
	EndGlobalSection
	GlobalSection(SolutionProperties) = preSolution
		HideSolutionNode = FALSE
	EndGlobalSection
	GlobalSection(ExtensibilityGlobals) = postSolution
		SolutionGuid = {FA63F414-E787-42B2-A064-8BAA4B27BBEB}
	EndGlobalSection
EndGlobal
